
Microsoft Visual Studio Solution File, Format Version 12.00
# Visual Studio Version 17
VisualStudioVersion = 17.13.35919.96 d17.13
MinimumVisualStudioVersion = 10.0.40219.1
Project("{FAE04EC0-301F-11D3-BF4B-00C04F79EFBC}") = "VPASS3-backend", "VPASS3-backend.csproj", "{521EF1E9-FF74-407A-A458-A088B0C75962}"
EndProject
Global
	GlobalSection(SolutionConfigurationPlatforms) = preSolution
		Debug|Any CPU = Debug|Any CPU
		Release|Any CPU = Release|Any CPU
	EndGlobalSection
	GlobalSection(ProjectConfigurationPlatforms) = postSolution
		{521EF1E9-FF74-407A-A458-A088B0C75962}.Debug|Any CPU.ActiveCfg = Debug|Any CPU
		{521EF1E9-FF74-407A-A458-A088B0C75962}.Debug|Any CPU.Build.0 = Debug|Any CPU
		{521EF1E9-FF74-407A-A458-A088B0C75962}.Release|Any CPU.ActiveCfg = Release|Any CPU
		{521EF1E9-FF74-407A-A458-A088B0C75962}.Release|Any CPU.Build.0 = Release|Any CPU
	EndGlobalSection
	GlobalSection(SolutionProperties) = preSolution
		HideSolutionNode = FALSE
	EndGlobalSection
	GlobalSection(ExtensibilityGlobals) = postSolution
		SolutionGuid = {F3A9703C-6028-4717-BFC1-C4BF2C2AF69E}
	EndGlobalSection
EndGlobal
